dependencies:
- name: openshell
  repository: file://../../.helm-dependencies/openshell
  version: 0.0.111
- name: agent-sandbox
  repository: file://../../.helm-dependencies/agent-sandbox
  version: 0.1.0
digest: sha256:aad7ba298d74d7aa9090dfe5582e6e1af26de83c74c7dd500edb4fe112321999
generated: "2026-08-24T23:36:56.036643+08:00"
